
Microsoft Visual Studio Solution File, Format Version 12.00
# Visual Studio 15
VisualStudioVersion = 15.0.28307.102
MinimumVisualStudioVersion = 10.0.40219.1
Project("{FAE04EC0-301F-11D3-BF4B-00C04F79EFBC}") = "Billsplitter", "Billsplitter\Billsplitter.csproj", "{D667FCA7-2865-4282-AADD-A0BEB1DF6493}"
EndProject
Global
	GlobalSection(SolutionConfigurationPlatforms) = preSolution
		Debug|Any CPU = Debug|Any CPU
		Release|Any CPU = Release|Any CPU
	EndGlobalSection
	GlobalSection(ProjectConfigurationPlatforms) = postSolution
		{D667FCA7-2865-4282-AADD-A0BEB1DF6493}.Debug|Any CPU.ActiveCfg = Debug|Any CPU
		{D667FCA7-2865-4282-AADD-A0BEB1DF6493}.Debug|Any CPU.Build.0 = Debug|Any CPU
		{D667FCA7-2865-4282-AADD-A0BEB1DF6493}.Release|Any CPU.ActiveCfg = Release|Any CPU
		{D667FCA7-2865-4282-AADD-A0BEB1DF6493}.Release|Any CPU.Build.0 = Release|Any CPU
	EndGlobalSection
	GlobalSection(SolutionProperties) = preSolution
		HideSolutionNode = FALSE
	EndGlobalSection
	GlobalSection(ExtensibilityGlobals) = postSolution
		SolutionGuid = {21976267-09C0-47D1-9A61-38737CBC1990}
	EndGlobalSection
EndGlobal
